
Microsoft Visual Studio Solution File, Format Version 12.00
# Visual Studio Version 16
VisualStudioVersion = 16.0.30011.22
MinimumVisualStudioVersion = 10.0.40219.1
Project("{FAE04EC0-301F-11D3-BF4B-00C04F79EFBC}") = "IntersectionOfTwoArrays", "IntersectionOfTwoArrays\IntersectionOfTwoArrays.csproj", "{F598B004-D1E6-40AE-AF17-CF2562CC7468}"
EndProject
Project("{FAE04EC0-301F-11D3-BF4B-00C04F79EFBC}") = "AddBinary", "AddBinary\AddBinary.csproj", "{CA9A005E-966E-465D-BC8A-810FC96B99E7}"
EndProject
Project("{FAE04EC0-301F-11D3-BF4B-00C04F79EFBC}") = "IntersectionOfTwoArraysII", "IntersectionOfTwoArraysII\IntersectionOfTwoArraysII.csproj", "{2FC26EF9-89DC-45B4-B8F4-43C068AE74D7}"
EndProject
Project("{FAE04EC0-301F-11D3-BF4B-00C04F79EFBC}") = "SumOfTwoIntegers", "SumOfTwoIntegers\SumOfTwoIntegers.csproj", "{938F3024-EA24-4AFB-8AA3-65D736323217}"
EndProject
Project("{FAE04EC0-301F-11D3-BF4B-00C04F79EFBC}") = "BackspaceStringCompare", "BackspaceStringCompare\BackspaceStringCompare.csproj", "{D647BA0E-EEC0-445D-AB45-A74B890BB1B3}"
EndProject
Project("{FAE04EC0-301F-11D3-BF4B-00C04F79EFBC}") = "BestTimeToBuySell", "BestTimeToBuySell\BestTimeToBuySell.csproj", "{EA4F0DFA-0905-4606-984C-946A07A1BA9C}"
EndProject
Project("{FAE04EC0-301F-11D3-BF4B-00C04F79EFBC}") = "BestTimeToBuySellII", "BestTimeToBuySellII\BestTimeToBuySellII.csproj", "{672DF385-F1D0-416F-96A1-FF18C35C833C}"
EndProject
Project("{FAE04EC0-301F-11D3-BF4B-00C04F79EFBC}") = "BullsAndCows", "BullsAndCows\BullsAndCows.csproj", "{DCCEE90F-382A-406E-B8C4-0104A2F643A1}"
EndProject
Project("{FAE04EC0-301F-11D3-BF4B-00C04F79EFBC}") = "ClimbingStairs", "ClimbingStairs\ClimbingStairs.csproj", "{8DAAB70C-C07B-486E-AD5B-ECD917A84766}"
EndProject
Project("{FAE04EC0-301F-11D3-BF4B-00C04F79EFBC}") = "FindAllNumbersDisappearedInAnArray", "FindAllNumbersDisappearedInAnArray\FindAllNumbersDisappearedInAnArray.csproj", "{82777BBB-34CF-4CB8-BD02-FB5F4FC43574}"
EndProject
Global
	GlobalSection(SolutionConfigurationPlatforms) = preSolution
		Debug|Any CPU = Debug|Any CPU
		Release|Any CPU = Release|Any CPU
	EndGlobalSection
	GlobalSection(ProjectConfigurationPlatforms) = postSolution
		{F598B004-D1E6-40AE-AF17-CF2562CC7468}.Debug|Any CPU.ActiveCfg = Debug|Any CPU
		{F598B004-D1E6-40AE-AF17-CF2562CC7468}.Debug|Any CPU.Build.0 = Debug|Any CPU
		{F598B004-D1E6-40AE-AF17-CF2562CC7468}.Release|Any CPU.ActiveCfg = Release|Any CPU
		{F598B004-D1E6-40AE-AF17-CF2562CC7468}.Release|Any CPU.Build.0 = Release|Any CPU
		{CA9A005E-966E-465D-BC8A-810FC96B99E7}.Debug|Any CPU.ActiveCfg = Debug|Any CPU
		{CA9A005E-966E-465D-BC8A-810FC96B99E7}.Debug|Any CPU.Build.0 = Debug|Any CPU
		{CA9A005E-966E-465D-BC8A-810FC96B99E7}.Release|Any CPU.ActiveCfg = Release|Any CPU
		{CA9A005E-966E-465D-BC8A-810FC96B99E7}.Release|Any CPU.Build.0 = Release|Any CPU
		{2FC26EF9-89DC-45B4-B8F4-43C068AE74D7}.Debug|Any CPU.ActiveCfg = Debug|Any CPU
		{2FC26EF9-89DC-45B4-B8F4-43C068AE74D7}.Debug|Any CPU.Build.0 = Debug|Any CPU
		{2FC26EF9-89DC-45B4-B8F4-43C068AE74D7}.Release|Any CPU.ActiveCfg = Release|Any CPU
		{2FC26EF9-89DC-45B4-B8F4-43C068AE74D7}.Release|Any CPU.Build.0 = Release|Any CPU
		{938F3024-EA24-4AFB-8AA3-65D736323217}.Debug|Any CPU.ActiveCfg = Debug|Any CPU
		{938F3024-EA24-4AFB-8AA3-65D736323217}.Debug|Any CPU.Build.0 = Debug|Any CPU
		{938F3024-EA24-4AFB-8AA3-65D736323217}.Release|Any CPU.ActiveCfg = Release|Any CPU
		{938F3024-EA24-4AFB-8AA3-65D736323217}.Release|Any CPU.Build.0 = Release|Any CPU
		{D647BA0E-EEC0-445D-AB45-A74B890BB1B3}.Debug|Any CPU.ActiveCfg = Debug|Any CPU
		{D647BA0E-EEC0-445D-AB45-A74B890BB1B3}.Debug|Any CPU.Build.0 = Debug|Any CPU
		{D647BA0E-EEC0-445D-AB45-A74B890BB1B3}.Release|Any CPU.ActiveCfg = Release|Any CPU
		{D647BA0E-EEC0-445D-AB45-A74B890BB1B3}.Release|Any CPU.Build.0 = Release|Any CPU
		{EA4F0DFA-0905-4606-984C-946A07A1BA9C}.Debug|Any CPU.ActiveCfg = Debug|Any CPU
		{EA4F0DFA-0905-4606-984C-946A07A1BA9C}.Debug|Any CPU.Build.0 = Debug|Any CPU
		{EA4F0DFA-0905-4606-984C-946A07A1BA9C}.Release|Any CPU.ActiveCfg = Release|Any CPU
		{EA4F0DFA-0905-4606-984C-946A07A1BA9C}.Release|Any CPU.Build.0 = Release|Any CPU
		{672DF385-F1D0-416F-96A1-FF18C35C833C}.Debug|Any CPU.ActiveCfg = Debug|Any CPU
		{672DF385-F1D0-416F-96A1-FF18C35C833C}.Debug|Any CPU.Build.0 = Debug|Any CPU
		{672DF385-F1D0-416F-96A1-FF18C35C833C}.Release|Any CPU.ActiveCfg = Release|Any CPU
		{672DF385-F1D0-416F-96A1-FF18C35C833C}.Release|Any CPU.Build.0 = Release|Any CPU
		{DCCEE90F-382A-406E-B8C4-0104A2F643A1}.Debug|Any CPU.ActiveCfg = Debug|Any CPU
		{DCCEE90F-382A-406E-B8C4-0104A2F643A1}.Debug|Any CPU.Build.0 = Debug|Any CPU
		{DCCEE90F-382A-406E-B8C4-0104A2F643A1}.Release|Any CPU.ActiveCfg = Release|Any CPU
		{DCCEE90F-382A-406E-B8C4-0104A2F643A1}.Release|Any CPU.Build.0 = Release|Any CPU
		{8DAAB70C-C07B-486E-AD5B-ECD917A84766}.Debug|Any CPU.ActiveCfg = Debug|Any CPU
		{8DAAB70C-C07B-486E-AD5B-ECD917A84766}.Debug|Any CPU.Build.0 = Debug|Any CPU
		{8DAAB70C-C07B-486E-AD5B-ECD917A84766}.Release|Any CPU.ActiveCfg = Release|Any CPU
		{8DAAB70C-C07B-486E-AD5B-ECD917A84766}.Release|Any CPU.Build.0 = Release|Any CPU
		{82777BBB-34CF-4CB8-BD02-FB5F4FC43574}.Debug|Any CPU.ActiveCfg = Debug|Any CPU
		{82777BBB-34CF-4CB8-BD02-FB5F4FC43574}.Debug|Any CPU.Build.0 = Debug|Any CPU
		{82777BBB-34CF-4CB8-BD02-FB5F4FC43574}.Release|Any CPU.ActiveCfg = Release|Any CPU
		{82777BBB-34CF-4CB8-BD02-FB5F4FC43574}.Release|Any CPU.Build.0 = Release|Any CPU
	EndGlobalSection
	GlobalSection(SolutionProperties) = preSolution
		HideSolutionNode = FALSE
	EndGlobalSection
	GlobalSection(ExtensibilityGlobals) = postSolution
		SolutionGuid = {41DFEFA7-2DFC-406A-81CA-CC3482C3992F}
	EndGlobalSection
EndGlobal
